Microsoft Visual Studio Solution File, Format Version 11.00
# Visual Studio 2008

Project("{02669DFC-E3E5-FB59-B1A7-2BF1ECEA3554}") = "ann_autonomous", "Assembly-CSharp.csproj", "{127F386E-8E4F-E48C-A50D-5F53B05782E3}"
EndProject
Global
	GlobalSection(SolutionConfigurationPlatforms) = preSolution
		Debug|Any CPU = Debug|Any CPU
		Release|Any CPU = Release|Any CPU
	EndGlobalSection
	GlobalSection(ProjectConfigurationPlatforms) = postSolution
		{127F386E-8E4F-E48C-A50D-5F53B05782E3}.Debug|Any CPU.ActiveCfg = Debug|Any CPU
		{127F386E-8E4F-E48C-A50D-5F53B05782E3}.Debug|Any CPU.Build.0 = Debug|Any CPU
		{127F386E-8E4F-E48C-A50D-5F53B05782E3}.Release|Any CPU.ActiveCfg = Release|Any CPU
		{127F386E-8E4F-E48C-A50D-5F53B05782E3}.Release|Any CPU.Build.0 = Release|Any CPU
	EndGlobalSection
	GlobalSection(SolutionProperties) = preSolution
		HideSolutionNode = FALSE
	EndGlobalSection
	GlobalSection(MonoDevelopProperties) = preSolution
		StartupItem = Assembly-CSharp.csproj
	EndGlobalSection
EndGlobal
