
Microsoft Visual Studio Solution File, Format Version 12.00
# Visual Studio 2015
Project("{FAE04EC0-301F-11D3-BF4B-00C04F79EFBC}") = "ann_autonomous.CSharp", "ann_autonomous.CSharp.csproj", "{5D179698-7579-ED5D-80C6-45A1ED75D0BB}"
EndProject
Global
	GlobalSection(SolutionConfigurationPlatforms) = preSolution
		Debug|Any CPU = Debug|Any CPU
		Release|Any CPU = Release|Any CPU
	EndGlobalSection
	GlobalSection(ProjectConfigurationPlatforms) = postSolution
		{5D179698-7579-ED5D-80C6-45A1ED75D0BB}.Debug|Any CPU.ActiveCfg = Debug|Any CPU
		{5D179698-7579-ED5D-80C6-45A1ED75D0BB}.Debug|Any CPU.Build.0 = Debug|Any CPU
		{5D179698-7579-ED5D-80C6-45A1ED75D0BB}.Release|Any CPU.ActiveCfg = Release|Any CPU
		{5D179698-7579-ED5D-80C6-45A1ED75D0BB}.Release|Any CPU.Build.0 = Release|Any CPU
	EndGlobalSection
	GlobalSection(SolutionProperties) = preSolution
		HideSolutionNode = FALSE
	EndGlobalSection
EndGlobal
